
Microsoft Visual Studio Solution File, Format Version 12.00
# Visual Studio Version 17
VisualStudioVersion = 17.10.35013.160
MinimumVisualStudioVersion = 10.0.40219.1
Project("{FAE04EC0-301F-11D3-BF4B-00C04F79EFBC}") = "FileHandlingPOC", "FileHandlingPOC.csproj", "{B3D778B8-DBF1-4A58-9461-506E2B8E5BC3}"
EndProject
Global
	GlobalSection(SolutionConfigurationPlatforms) = preSolution
		Debug|Any CPU = Debug|Any CPU
		Release|Any CPU = Release|Any CPU
	EndGlobalSection
	GlobalSection(ProjectConfigurationPlatforms) = postSolution
		{B3D778B8-DBF1-4A58-9461-506E2B8E5BC3}.Debug|Any CPU.ActiveCfg = Debug|Any CPU
		{B3D778B8-DBF1-4A58-9461-506E2B8E5BC3}.Debug|Any CPU.Build.0 = Debug|Any CPU
		{B3D778B8-DBF1-4A58-9461-506E2B8E5BC3}.Release|Any CPU.ActiveCfg = Release|Any CPU
		{B3D778B8-DBF1-4A58-9461-506E2B8E5BC3}.Release|Any CPU.Build.0 = Release|Any CPU
	EndGlobalSection
	GlobalSection(SolutionProperties) = preSolution
		HideSolutionNode = FALSE
	EndGlobalSection
	GlobalSection(ExtensibilityGlobals) = postSolution
		SolutionGuid = {DB28C598-058E-4B2C-9517-8EC2576D48D4}
	EndGlobalSection
EndGlobal
